
Microsoft Visual Studio Solution File, Format Version 12.00
# Visual Studio Version 17
VisualStudioVersion = 17.8.34330.188
MinimumVisualStudioVersion = 10.0.40219.1
Project("{9A19103F-16F7-4668-BE54-9A1E7A4F7556}") = "APIBancoChu", "APIBancoChu\APIBancoChu.csproj", "{C88DCEE7-8369-408D-A5D6-FA93016D3DF7}"
EndProject
Project("{9A19103F-16F7-4668-BE54-9A1E7A4F7556}") = "CHU.Service", "CHU.Services\CHU.Service.csproj", "{A76FEE5F-F61E-4EEF-9BC8-DBBB0CBEB4F0}"
EndProject
Project("{9A19103F-16F7-4668-BE54-9A1E7A4F7556}") = "CHU.Data", "CHU.Data\CHU.Data.csproj", "{0F23634E-612C-490E-A946-4A0801FB207B}"
EndProject
Project("{9A19103F-16F7-4668-BE54-9A1E7A4F7556}") = "CHU.Domain", "CHU.Domain\CHU.Domain.csproj", "{86E86BC3-6F34-46BA-8565-27C94C461D71}"
EndProject
Project("{9A19103F-16F7-4668-BE54-9A1E7A4F7556}") = "CHU.Infrastructure", "CHU.Infrastructure\CHU.Infrastructure.csproj", "{C6F3558C-1247-46DA-B479-F6BC95600E26}"
EndProject
Global
	GlobalSection(SolutionConfigurationPlatforms) = preSolution
		Debug|Any CPU = Debug|Any CPU
		Release|Any CPU = Release|Any CPU
	EndGlobalSection
	GlobalSection(ProjectConfigurationPlatforms) = postSolution
		{C88DCEE7-8369-408D-A5D6-FA93016D3DF7}.Debug|Any CPU.ActiveCfg = Debug|Any CPU
		{C88DCEE7-8369-408D-A5D6-FA93016D3DF7}.Debug|Any CPU.Build.0 = Debug|Any CPU
		{C88DCEE7-8369-408D-A5D6-FA93016D3DF7}.Release|Any CPU.ActiveCfg = Release|Any CPU
		{C88DCEE7-8369-408D-A5D6-FA93016D3DF7}.Release|Any CPU.Build.0 = Release|Any CPU
		{A76FEE5F-F61E-4EEF-9BC8-DBBB0CBEB4F0}.Debug|Any CPU.ActiveCfg = Debug|Any CPU
		{A76FEE5F-F61E-4EEF-9BC8-DBBB0CBEB4F0}.Debug|Any CPU.Build.0 = Debug|Any CPU
		{A76FEE5F-F61E-4EEF-9BC8-DBBB0CBEB4F0}.Release|Any CPU.ActiveCfg = Release|Any CPU
		{A76FEE5F-F61E-4EEF-9BC8-DBBB0CBEB4F0}.Release|Any CPU.Build.0 = Release|Any CPU
		{0F23634E-612C-490E-A946-4A0801FB207B}.Debug|Any CPU.ActiveCfg = Debug|Any CPU
		{0F23634E-612C-490E-A946-4A0801FB207B}.Debug|Any CPU.Build.0 = Debug|Any CPU
		{0F23634E-612C-490E-A946-4A0801FB207B}.Release|Any CPU.ActiveCfg = Release|Any CPU
		{0F23634E-612C-490E-A946-4A0801FB207B}.Release|Any CPU.Build.0 = Release|Any CPU
		{86E86BC3-6F34-46BA-8565-27C94C461D71}.Debug|Any CPU.ActiveCfg = Debug|Any CPU
		{86E86BC3-6F34-46BA-8565-27C94C461D71}.Debug|Any CPU.Build.0 = Debug|Any CPU
		{86E86BC3-6F34-46BA-8565-27C94C461D71}.Release|Any CPU.ActiveCfg = Release|Any CPU
		{86E86BC3-6F34-46BA-8565-27C94C461D71}.Release|Any CPU.Build.0 = Release|Any CPU
		{C6F3558C-1247-46DA-B479-F6BC95600E26}.Debug|Any CPU.ActiveCfg = Debug|Any CPU
		{C6F3558C-1247-46DA-B479-F6BC95600E26}.Debug|Any CPU.Build.0 = Debug|Any CPU
		{C6F3558C-1247-46DA-B479-F6BC95600E26}.Release|Any CPU.ActiveCfg = Release|Any CPU
		{C6F3558C-1247-46DA-B479-F6BC95600E26}.Release|Any CPU.Build.0 = Release|Any CPU
	EndGlobalSection
	GlobalSection(SolutionProperties) = preSolution
		HideSolutionNode = FALSE
	EndGlobalSection
	GlobalSection(ExtensibilityGlobals) = postSolution
		SolutionGuid = {ECFCCE9D-777F-4AD9-816F-F2983B836622}
	EndGlobalSection
EndGlobal
